
Microsoft Visual Studio Solution File, Format Version 12.00
# Visual Studio Version 17
VisualStudioVersion = 17.11.35327.3
MinimumVisualStudioVersion = 10.0.40219.1
Project("{FAE04EC0-301F-11D3-BF4B-00C04F79EFBC}") = "2.6-darsStudent", "2.6-darsStudent.csproj", "{978A1DBF-3FB9-4C58-A7E0-F7E7BB258C18}"
EndProject
Global
	GlobalSection(SolutionConfigurationPlatforms) = preSolution
		Debug|Any CPU = Debug|Any CPU
		Release|Any CPU = Release|Any CPU
	EndGlobalSection
	GlobalSection(ProjectConfigurationPlatforms) = postSolution
		{978A1DBF-3FB9-4C58-A7E0-F7E7BB258C18}.Debug|Any CPU.ActiveCfg = Debug|Any CPU
		{978A1DBF-3FB9-4C58-A7E0-F7E7BB258C18}.Debug|Any CPU.Build.0 = Debug|Any CPU
		{978A1DBF-3FB9-4C58-A7E0-F7E7BB258C18}.Release|Any CPU.ActiveCfg = Release|Any CPU
		{978A1DBF-3FB9-4C58-A7E0-F7E7BB258C18}.Release|Any CPU.Build.0 = Release|Any CPU
	EndGlobalSection
	GlobalSection(SolutionProperties) = preSolution
		HideSolutionNode = FALSE
	EndGlobalSection
	GlobalSection(ExtensibilityGlobals) = postSolution
		SolutionGuid = {703D323F-87FE-4930-9CA8-EE0ABD691DD0}
	EndGlobalSection
EndGlobal
